
Microsoft Visual Studio Solution File, Format Version 12.00
# Visual Studio 15
VisualStudioVersion = 15.0.28307.572
MinimumVisualStudioVersion = 10.0.40219.1
Project("{9A19103F-16F7-4668-BE54-9A1E7A4F7556}") = "Coresb", "Coresb\Coresb.csproj", "{E9BD0216-2E26-481D-9661-D643B3838129}"
EndProject
Project("{9A19103F-16F7-4668-BE54-9A1E7A4F7556}") = "sbWuyulunbi", "sbWuyulunbi\sbWuyulunbi.csproj", "{A8BAB720-34EF-48D7-B707-0CD00AA5B9DE}"
EndProject
Project("{9A19103F-16F7-4668-BE54-9A1E7A4F7556}") = "goubi", "goubi\goubi.csproj", "{DF1BB52E-6E03-41DD-92F4-65B77BE06FA3}"
EndProject
Project("{9A19103F-16F7-4668-BE54-9A1E7A4F7556}") = "BooksApi", "BooksApi\BooksApi.csproj", "{17BED6F6-5201-4E4D-AE71-5A5ACD9DFBC5}"
EndProject
Project("{9A19103F-16F7-4668-BE54-9A1E7A4F7556}") = "SignalRChat", "SignalRChat\SignalRChat.csproj", "{EEB7C96D-1DEC-43E7-98C8-E1C7861F323E}"
EndProject
Project("{9A19103F-16F7-4668-BE54-9A1E7A4F7556}") = "ContosoUniversity", "ContosoUniversity\ContosoUniversity.csproj", "{2DB5E459-FEE3-40DE-93B3-4655E2AD3832}"
EndProject
Project("{FAE04EC0-301F-11D3-BF4B-00C04F79EFBC}") = "ContoSoEFAndMVC", "ContoSoEFAndMVC\ContoSoEFAndMVC.csproj", "{B6D7ADB4-22F0-46AE-903D-545A3CCAC5D2}"
EndProject
Global
	GlobalSection(SolutionConfigurationPlatforms) = preSolution
		Debug|Any CPU = Debug|Any CPU
		Release|Any CPU = Release|Any CPU
	EndGlobalSection
	GlobalSection(ProjectConfigurationPlatforms) = postSolution
		{E9BD0216-2E26-481D-9661-D643B3838129}.Debug|Any CPU.ActiveCfg = Debug|Any CPU
		{E9BD0216-2E26-481D-9661-D643B3838129}.Debug|Any CPU.Build.0 = Debug|Any CPU
		{E9BD0216-2E26-481D-9661-D643B3838129}.Release|Any CPU.ActiveCfg = Release|Any CPU
		{E9BD0216-2E26-481D-9661-D643B3838129}.Release|Any CPU.Build.0 = Release|Any CPU
		{A8BAB720-34EF-48D7-B707-0CD00AA5B9DE}.Debug|Any CPU.ActiveCfg = Debug|Any CPU
		{A8BAB720-34EF-48D7-B707-0CD00AA5B9DE}.Debug|Any CPU.Build.0 = Debug|Any CPU
		{A8BAB720-34EF-48D7-B707-0CD00AA5B9DE}.Release|Any CPU.ActiveCfg = Release|Any CPU
		{A8BAB720-34EF-48D7-B707-0CD00AA5B9DE}.Release|Any CPU.Build.0 = Release|Any CPU
		{DF1BB52E-6E03-41DD-92F4-65B77BE06FA3}.Debug|Any CPU.ActiveCfg = Debug|Any CPU
		{DF1BB52E-6E03-41DD-92F4-65B77BE06FA3}.Debug|Any CPU.Build.0 = Debug|Any CPU
		{DF1BB52E-6E03-41DD-92F4-65B77BE06FA3}.Release|Any CPU.ActiveCfg = Release|Any CPU
		{DF1BB52E-6E03-41DD-92F4-65B77BE06FA3}.Release|Any CPU.Build.0 = Release|Any CPU
		{17BED6F6-5201-4E4D-AE71-5A5ACD9DFBC5}.Debug|Any CPU.ActiveCfg = Debug|Any CPU
		{17BED6F6-5201-4E4D-AE71-5A5ACD9DFBC5}.Debug|Any CPU.Build.0 = Debug|Any CPU
		{17BED6F6-5201-4E4D-AE71-5A5ACD9DFBC5}.Release|Any CPU.ActiveCfg = Release|Any CPU
		{17BED6F6-5201-4E4D-AE71-5A5ACD9DFBC5}.Release|Any CPU.Build.0 = Release|Any CPU
		{EEB7C96D-1DEC-43E7-98C8-E1C7861F323E}.Debug|Any CPU.ActiveCfg = Debug|Any CPU
		{EEB7C96D-1DEC-43E7-98C8-E1C7861F323E}.Debug|Any CPU.Build.0 = Debug|Any CPU
		{EEB7C96D-1DEC-43E7-98C8-E1C7861F323E}.Release|Any CPU.ActiveCfg = Release|Any CPU
		{EEB7C96D-1DEC-43E7-98C8-E1C7861F323E}.Release|Any CPU.Build.0 = Release|Any CPU
		{2DB5E459-FEE3-40DE-93B3-4655E2AD3832}.Debug|Any CPU.ActiveCfg = Debug|Any CPU
		{2DB5E459-FEE3-40DE-93B3-4655E2AD3832}.Debug|Any CPU.Build.0 = Debug|Any CPU
		{2DB5E459-FEE3-40DE-93B3-4655E2AD3832}.Release|Any CPU.ActiveCfg = Release|Any CPU
		{2DB5E459-FEE3-40DE-93B3-4655E2AD3832}.Release|Any CPU.Build.0 = Release|Any CPU
		{B6D7ADB4-22F0-46AE-903D-545A3CCAC5D2}.Debug|Any CPU.ActiveCfg = Debug|Any CPU
		{B6D7ADB4-22F0-46AE-903D-545A3CCAC5D2}.Debug|Any CPU.Build.0 = Debug|Any CPU
		{B6D7ADB4-22F0-46AE-903D-545A3CCAC5D2}.Release|Any CPU.ActiveCfg = Release|Any CPU
		{B6D7ADB4-22F0-46AE-903D-545A3CCAC5D2}.Release|Any CPU.Build.0 = Release|Any CPU
	EndGlobalSection
	GlobalSection(SolutionProperties) = preSolution
		HideSolutionNode = FALSE
	EndGlobalSection
	GlobalSection(ExtensibilityGlobals) = postSolution
		SolutionGuid = {6822CEC8-7DB2-4811-8625-1976FABDA045}
	EndGlobalSection
EndGlobal
